{
  "requires": true,
  "lockfileVersion": 1,
  "dependencies": {
    "baconjs": {
      "version": "2.0.9",
      "resolved": "https://registry.npmjs.org/baconjs/-/baconjs-2.0.9.tgz",
      "integrity": "sha512-S+fLz2VVmE+cHR+Ce6SssiMIcB/nb6RJcnHR1B81SG/4ihxBlK2F72xDDPWzt/dxzFTxNfmwMTcI+/Dc6ynfhQ=="
    },
    "typescript": {
      "version": "3.2.2",
      "resolved": "https://registry.npmjs.org/typescript/-/typescript-3.2.2.tgz",
      "integrity": "sha512-VCj5UiSyHBjwfYacmDuc/NOk4QQixbE+Wn7MFJuS0nRuPQbof132Pw4u53dm264O8LPc2MVsc7RJNml5szurkg==",
      "dev": true
    }
  }
}
